
Microsoft Visual Studio Solution File, Format Version 11.00
# Visual Studio 2010 Express for Windows Phone
Project("{FAE04EC0-301F-11D3-BF4B-00C04F79EFBC}") = "Ponyquest", "Ponyquest\Ponyquest\Ponyquest.csproj", "{66BEAB42-18B4-4629-BC22-C2594F7B98F1}"
EndProject
Project("{96E2B04D-8817-42C6-938A-82C39BA4D311}") = "PonyquestContent", "Ponyquest\PonyquestContent\PonyquestContent.contentproj", "{B83B53C9-7D70-4FD7-AA33-1AF2F20CB88E}"
EndProject
Global
	GlobalSection(SolutionConfigurationPlatforms) = preSolution
		Debug|x86 = Debug|x86
		Release|x86 = Release|x86
	EndGlobalSection
	GlobalSection(ProjectConfigurationPlatforms) = postSolution
		{66BEAB42-18B4-4629-BC22-C2594F7B98F1}.Debug|x86.ActiveCfg = Debug|x86
		{66BEAB42-18B4-4629-BC22-C2594F7B98F1}.Debug|x86.Build.0 = Debug|x86
		{66BEAB42-18B4-4629-BC22-C2594F7B98F1}.Release|x86.ActiveCfg = Release|x86
		{66BEAB42-18B4-4629-BC22-C2594F7B98F1}.Release|x86.Build.0 = Release|x86
		{B83B53C9-7D70-4FD7-AA33-1AF2F20CB88E}.Debug|x86.ActiveCfg = Debug|x86
		{B83B53C9-7D70-4FD7-AA33-1AF2F20CB88E}.Release|x86.ActiveCfg = Release|x86
	EndGlobalSection
	GlobalSection(SolutionProperties) = preSolution
		HideSolutionNode = FALSE
	EndGlobalSection
EndGlobal
